// !$*UTF8*$!
{
	archiveVersion = 1;
	classes = {
	};
	objectVersion = 55;
	objects = {

/* Begin PBXBuildFile section */
		50EDAEB1AC054D8B013BD0F3 /* Pods_MessageMate.framework in Frameworks */ = {isa = PBXBuildFile; fileRef = 45119550D69CF278208C3634 /* Pods_MessageMate.framework */; };
		ED53B9AF297F8A0E0013C03B /* InboxView.swift in Sources */ = {isa = PBXBuildFile; fileRef = ED53B9AE297F8A0E0013C03B /* InboxView.swift */; };
		ED53B9B1297F8A250013C03B /* TutorialView.swift in Sources */ = {isa = PBXBuildFile; fileRef = ED53B9B0297F8A250013C03B /* TutorialView.swift */; };
		ED53B9B3297F8A400013C03B /* BusinessInformationView.swift in Sources */ = {isa = PBXBuildFile; fileRef = ED53B9B2297F8A400013C03B /* BusinessInformationView.swift */; };
		ED53B9B5297F8AAA0013C03B /* OnboardingView.swift in Sources */ = {isa = PBXBuildFile; fileRef = ED53B9B4297F8AAA0013C03B /* OnboardingView.swift */; };
		ED700B6B297CA1AD0058968B /* SessionStore.swift in Sources */ = {isa = PBXBuildFile; fileRef = ED700B68297CA1AC0058968B /* SessionStore.swift */; };
		ED700B6C297CA1AD0058968B /* AppDelegate.swift in Sources */ = {isa = PBXBuildFile; fileRef = ED700B69297CA1AC0058968B /* AppDelegate.swift */; };
		ED700B6D297CA1AD0058968B /* FirebaseNamespaces.swift in Sources */ = {isa = PBXBuildFile; fileRef = ED700B6A297CA1AD0058968B /* FirebaseNamespaces.swift */; };
		ED700B6F297CA3F50058968B /* GoogleService-Info.plist in Resources */ = {isa = PBXBuildFile; fileRef = ED700B6E297CA3F50058968B /* GoogleService-Info.plist */; };
		ED700B71297CA4930058968B /* SignInWithApple.swift in Sources */ = {isa = PBXBuildFile; fileRef = ED700B70297CA4930058968B /* SignInWithApple.swift */; };
		ED700B73297CA54E0058968B /* SignInView.swift in Sources */ = {isa = PBXBuildFile; fileRef = ED700B72297CA54E0058968B /* SignInView.swift */; };
		ED700B75297CA5AB0058968B /* Constants.swift in Sources */ = {isa = PBXBuildFile; fileRef = ED700B74297CA5AB0058968B /* Constants.swift */; };
		ED99A90B297C8F2A0029235B /* MessageMateApp.swift in Sources */ = {isa = PBXBuildFile; fileRef = ED99A90A297C8F2A0029235B /* MessageMateApp.swift */; };
		ED99A90D297C8F2A0029235B /* ContentView.swift in Sources */ = {isa = PBXBuildFile; fileRef = ED99A90C297C8F2A0029235B /* ContentView.swift */; };
		ED99A90F297C8F2C0029235B /* Assets.xcassets in Resources */ = {isa = PBXBuildFile; fileRef = ED99A90E297C8F2C0029235B /* Assets.xcassets */; };
		ED99A912297C8F2C0029235B /* Preview Assets.xcassets in Resources */ = {isa = PBXBuildFile; fileRef = ED99A911297C8F2C0029235B /* Preview Assets.xcassets */; };
/* End PBXBuildFile section */

/* Begin PBXFileReference section */
		45119550D69CF278208C3634 /* Pods_MessageMate.framework */ = {isa = PBXFileReference; explicitFileType = wrapper.framework; includeInIndex = 0; path = Pods_MessageMate.framework; sourceTree = BUILT_PRODUCTS_DIR; };
		A4A4002FCFF80CF21658C102 /* Pods-MessageMate.release.xcconfig */ = {isa = PBXFileReference; includeInIndex = 1; lastKnownFileType = text.xcconfig; name = "Pods-MessageMate.release.xcconfig"; path = "Target Support Files/Pods-MessageMate/Pods-MessageMate.release.xcconfig"; sourceTree = "<group>"; };
		A7F0443B0D22E0F7234A77B9 /* Pods-MessageMate.debug.xcconfig */ = {isa = PBXFileReference; includeInIndex = 1; lastKnownFileType = text.xcconfig; name = "Pods-MessageMate.debug.xcconfig"; path = "Target Support Files/Pods-MessageMate/Pods-MessageMate.debug.xcconfig"; sourceTree = "<group>"; };
		ED53B9AE297F8A0E0013C03B /* InboxView.swift */ = {isa = PBXFileReference; lastKnownFileType = sourcecode.swift; path = InboxView.swift; sourceTree = "<group>"; };
		ED53B9B0297F8A250013C03B /* TutorialView.swift */ = {isa = PBXFileReference; lastKnownFileType = sourcecode.swift; path = TutorialView.swift; sourceTree = "<group>"; };
		ED53B9B2297F8A400013C03B /* BusinessInformationView.swift */ = {isa = PBXFileReference; lastKnownFileType = sourcecode.swift; path = BusinessInformationView.swift; sourceTree = "<group>"; };
		ED53B9B4297F8AAA0013C03B /* OnboardingView.swift */ = {isa = PBXFileReference; lastKnownFileType = sourcecode.swift; path = OnboardingView.swift; sourceTree = "<group>"; };
		ED53B9B6297F8C7F0013C03B /* MessageMate.entitlements */ = {isa = PBXFileReference; lastKnownFileType = text.plist.entitlements; path = MessageMate.entitlements; sourceTree = "<group>"; };
		ED700B68297CA1AC0058968B /* SessionStore.swift */ = {isa = PBXFileReference; fileEncoding = 4; lastKnownFileType = sourcecode.swift; path = SessionStore.swift; sourceTree = "<group>"; };
		ED700B69297CA1AC0058968B /* AppDelegate.swift */ = {isa = PBXFileReference; fileEncoding = 4; lastKnownFileType = sourcecode.swift; path = AppDelegate.swift; sourceTree = "<group>"; };
		ED700B6A297CA1AD0058968B /* FirebaseNamespaces.swift */ = {isa = PBXFileReference; fileEncoding = 4; lastKnownFileType = sourcecode.swift; path = FirebaseNamespaces.swift; sourceTree = "<group>"; };
		ED700B6E297CA3F50058968B /* GoogleService-Info.plist */ = {isa = PBXFileReference; fileEncoding = 4; lastKnownFileType = text.plist.xml; path = "GoogleService-Info.plist"; sourceTree = "<group>"; };
		ED700B70297CA4930058968B /* SignInWithApple.swift */ = {isa = PBXFileReference; lastKnownFileType = sourcecode.swift; path = SignInWithApple.swift; sourceTree = "<group>"; };
		ED700B72297CA54E0058968B /* SignInView.swift */ = {isa = PBXFileReference; lastKnownFileType = sourcecode.swift; path = SignInView.swift; sourceTree = "<group>"; };
		ED700B74297CA5AB0058968B /* Constants.swift */ = {isa = PBXFileReference; lastKnownFileType = sourcecode.swift; path = Constants.swift; sourceTree = "<group>"; };
		ED99A907297C8F2A0029235B /* MessageMate.app */ = {isa = PBXFileReference; explicitFileType = wrapper.application; includeInIndex = 0; path = MessageMate.app; sourceTree = BUILT_PRODUCTS_DIR; };
		ED99A90A297C8F2A0029235B /* MessageMateApp.swift */ = {isa = PBXFileReference; lastKnownFileType = sourcecode.swift; path = MessageMateApp.swift; sourceTree = "<group>"; };
		ED99A90C297C8F2A0029235B /* ContentView.swift */ = {isa = PBXFileReference; lastKnownFileType = sourcecode.swift; path = ContentView.swift; sourceTree = "<group>"; };
		ED99A90E297C8F2C0029235B /* Assets.xcassets */ = {isa = PBXFileReference; lastKnownFileType = folder.assetcatalog; path = Assets.xcassets; sourceTree = "<group>"; };
		ED99A911297C8F2C0029235B /* Preview Assets.xcassets */ = {isa = PBXFileReference; lastKnownFileType = folder.assetcatalog; path = "Preview Assets.xcassets"; sourceTree = "<group>"; };
/* End PBXFileReference section */

/* Begin PBXFrameworksBuildPhase section */
		ED99A904297C8F2A0029235B /* Frameworks */ = {
			isa = PBXFrameworksBuildPhase;
			buildActionMask = 2147483647;
			files = (
				50EDAEB1AC054D8B013BD0F3 /* Pods_MessageMate.framework in Frameworks */,
			);
			runOnlyForDeploymentPostprocessing = 0;
		};
/* End PBXFrameworksBuildPhase section */

/* Begin PBXGroup section */
		173967B48D131C63060C2473 /* Frameworks */ = {
			isa = PBXGroup;
			children = (
				45119550D69CF278208C3634 /* Pods_MessageMate.framework */,
			);
			name = Frameworks;
			sourceTree = "<group>";
		};
		982A831FC187589E44FCBD7D /* Pods */ = {
			isa = PBXGroup;
			children = (
				A7F0443B0D22E0F7234A77B9 /* Pods-MessageMate.debug.xcconfig */,
				A4A4002FCFF80CF21658C102 /* Pods-MessageMate.release.xcconfig */,
			);
			path = Pods;
			sourceTree = "<group>";
		};
		ED99A8FE297C8F2A0029235B = {
			isa = PBXGroup;
			children = (
				ED99A909297C8F2A0029235B /* MessageMate */,
				ED99A908297C8F2A0029235B /* Products */,
				982A831FC187589E44FCBD7D /* Pods */,
				173967B48D131C63060C2473 /* Frameworks */,
			);
			sourceTree = "<group>";
		};
		ED99A908297C8F2A0029235B /* Products */ = {
			isa = PBXGroup;
			children = (
				ED99A907297C8F2A0029235B /* MessageMate.app */,
			);
			name = Products;
			sourceTree = "<group>";
		};
		ED99A909297C8F2A0029235B /* MessageMate */ = {
			isa = PBXGroup;
			children = (
				ED53B9B6297F8C7F0013C03B /* MessageMate.entitlements */,
				ED700B6E297CA3F50058968B /* GoogleService-Info.plist */,
				ED700B72297CA54E0058968B /* SignInView.swift */,
				ED700B70297CA4930058968B /* SignInWithApple.swift */,
				ED700B69297CA1AC0058968B /* AppDelegate.swift */,
				ED700B6A297CA1AD0058968B /* FirebaseNamespaces.swift */,
				ED700B68297CA1AC0058968B /* SessionStore.swift */,
				ED99A90A297C8F2A0029235B /* MessageMateApp.swift */,
				ED99A90C297C8F2A0029235B /* ContentView.swift */,
				ED99A90E297C8F2C0029235B /* Assets.xcassets */,
				ED99A910297C8F2C0029235B /* Preview Content */,
				ED700B74297CA5AB0058968B /* Constants.swift */,
				ED53B9AE297F8A0E0013C03B /* InboxView.swift */,
				ED53B9B0297F8A250013C03B /* TutorialView.swift */,
				ED53B9B2297F8A400013C03B /* BusinessInformationView.swift */,
				ED53B9B4297F8AAA0013C03B /* OnboardingView.swift */,
			);
			path = MessageMate;
			sourceTree = "<group>";
		};
		ED99A910297C8F2C0029235B /* Preview Content */ = {
			isa = PBXGroup;
			children = (
				ED99A911297C8F2C0029235B /* Preview Assets.xcassets */,
			);
			path = "Preview Content";
			sourceTree = "<group>";
		};
/* End PBXGroup section */

/* Begin PBXNativeTarget section */
		ED99A906297C8F2A0029235B /* MessageMate */ = {
			isa = PBXNativeTarget;
			buildConfigurationList = ED99A915297C8F2C0029235B /* Build configuration list for PBXNativeTarget "MessageMate" */;
			buildPhases = (
				9F8C4E7BD657FAAA9E855444 /* [CP] Check Pods Manifest.lock */,
				ED99A903297C8F2A0029235B /* Sources */,
				ED99A904297C8F2A0029235B /* Frameworks */,
				ED99A905297C8F2A0029235B /* Resources */,
				6F5DD87D615F814F2C78FFE1 /* [CP] Embed Pods Frameworks */,
				D6BA9C8AF6A37EA8487A34DB /* [CP] Copy Pods Resources */,
			);
			buildRules = (
			);
			dependencies = (
			);
			name = MessageMate;
			productName = MessageMate;
			productReference = ED99A907297C8F2A0029235B /* MessageMate.app */;
			productType = "com.apple.product-type.application";
		};
/* End PBXNativeTarget section */

/* Begin PBXProject section */
		ED99A8FF297C8F2A0029235B /* Project object */ = {
			isa = PBXProject;
			attributes = {
				BuildIndependentTargetsInParallel = 1;
				LastSwiftUpdateCheck = 1420;
				LastUpgradeCheck = 1420;
				TargetAttributes = {
					ED99A906297C8F2A0029235B = {
						CreatedOnToolsVersion = 14.2;
					};
				};
			};
			buildConfigurationList = ED99A902297C8F2A0029235B /* Build configuration list for PBXProject "MessageMate" */;
			compatibilityVersion = "Xcode 13.0";
			developmentRegion = en;
			hasScannedForEncodings = 0;
			knownRegions = (
				en,
				Base,
			);
			mainGroup = ED99A8FE297C8F2A0029235B;
			productRefGroup = ED99A908297C8F2A0029235B /* Products */;
			projectDirPath = "";
			projectRoot = "";
			targets = (
				ED99A906297C8F2A0029235B /* MessageMate */,
			);
		};
/* End PBXProject section */

/* Begin PBXResourcesBuildPhase section */
		ED99A905297C8F2A0029235B /* Resources */ = {
			isa = PBXResourcesBuildPhase;
			buildActionMask = 2147483647;
			files = (
				ED99A912297C8F2C0029235B /* Preview Assets.xcassets in Resources */,
				ED99A90F297C8F2C0029235B /* Assets.xcassets in Resources */,
				ED700B6F297CA3F50058968B /* GoogleService-Info.plist in Resources */,
			);
			runOnlyForDeploymentPostprocessing = 0;
		};
/* End PBXResourcesBuildPhase section */

/* Begin PBXShellScriptBuildPhase section */
		6F5DD87D615F814F2C78FFE1 /* [CP] Embed Pods Frameworks */ = {
			isa = PBXShellScriptBuildPhase;
			buildActionMask = 2147483647;
			files = (
			);
			inputFileListPaths = (
				"${PODS_ROOT}/Target Support Files/Pods-MessageMate/Pods-MessageMate-frameworks-${CONFIGURATION}-input-files.xcfilelist",
			);
			name = "[CP] Embed Pods Frameworks";
			outputFileListPaths = (
				"${PODS_ROOT}/Target Support Files/Pods-MessageMate/Pods-MessageMate-frameworks-${CONFIGURATION}-output-files.xcfilelist",
			);
			runOnlyForDeploymentPostprocessing = 0;
			shellPath = /bin/sh;
			shellScript = "\"${PODS_ROOT}/Target Support Files/Pods-MessageMate/Pods-MessageMate-frameworks.sh\"\n";
			showEnvVarsInLog = 0;
		};
		9F8C4E7BD657FAAA9E855444 /* [CP] Check Pods Manifest.lock */ = {
			isa = PBXShellScriptBuildPhase;
			buildActionMask = 2147483647;
			files = (
			);
			inputFileListPaths = (
			);
			inputPaths = (
				"${PODS_PODFILE_DIR_PATH}/Podfile.lock",
				"${PODS_ROOT}/Manifest.lock",
			);
			name = "[CP] Check Pods Manifest.lock";
			outputFileListPaths = (
			);
			outputPaths = (
				"$(DERIVED_FILE_DIR)/Pods-MessageMate-checkManifestLockResult.txt",
			);
			runOnlyForDeploymentPostprocessing = 0;
			shellPath = /bin/sh;
			shellScript = "diff \"${PODS_PODFILE_DIR_PATH}/Podfile.lock\" \"${PODS_ROOT}/Manifest.lock\" > /dev/null\nif [ $? != 0 ] ; then\n    # print error to STDERR\n    echo \"error: The sandbox is not in sync with the Podfile.lock. Run 'pod install' or update your CocoaPods installation.\" >&2\n    exit 1\nfi\n# This output is used by Xcode 'outputs' to avoid re-running this script phase.\necho \"SUCCESS\" > \"${SCRIPT_OUTPUT_FILE_0}\"\n";
			showEnvVarsInLog = 0;
		};
		D6BA9C8AF6A37EA8487A34DB /* [CP] Copy Pods Resources */ = {
			isa = PBXShellScriptBuildPhase;
			buildActionMask = 2147483647;
			files = (
			);
			inputFileListPaths = (
				"${PODS_ROOT}/Target Support Files/Pods-MessageMate/Pods-MessageMate-resources-${CONFIGURATION}-input-files.xcfilelist",
			);
			name = "[CP] Copy Pods Resources";
			outputFileListPaths = (
				"${PODS_ROOT}/Target Support Files/Pods-MessageMate/Pods-MessageMate-resources-${CONFIGURATION}-output-files.xcfilelist",
			);
			runOnlyForDeploymentPostprocessing = 0;
			shellPath = /bin/sh;
			shellScript = "\"${PODS_ROOT}/Target Support Files/Pods-MessageMate/Pods-MessageMate-resources.sh\"\n";
			showEnvVarsInLog = 0;
		};
/* End PBXShellScriptBuildPhase section */

/* Begin PBXSourcesBuildPhase section */
		ED99A903297C8F2A0029235B /* Sources */ = {
			isa = PBXSourcesBuildPhase;
			buildActionMask = 2147483647;
			files = (
				ED700B6C297CA1AD0058968B /* AppDelegate.swift in Sources */,
				ED700B73297CA54E0058968B /* SignInView.swift in Sources */,
				ED99A90D297C8F2A0029235B /* ContentView.swift in Sources */,
				ED99A90B297C8F2A0029235B /* MessageMateApp.swift in Sources */,
				ED700B6B297CA1AD0058968B /* SessionStore.swift in Sources */,
				ED700B71297CA4930058968B /* SignInWithApple.swift in Sources */,
				ED700B6D297CA1AD0058968B /* FirebaseNamespaces.swift in Sources */,
				ED53B9AF297F8A0E0013C03B /* InboxView.swift in Sources */,
				ED700B75297CA5AB0058968B /* Constants.swift in Sources */,
				ED53B9B5297F8AAA0013C03B /* OnboardingView.swift in Sources */,
				ED53B9B3297F8A400013C03B /* BusinessInformationView.swift in Sources */,
				ED53B9B1297F8A250013C03B /* TutorialView.swift in Sources */,
			);
			runOnlyForDeploymentPostprocessing = 0;
		};
/* End PBXSourcesBuildPhase section */

/* Begin XCBuildConfiguration section */
		ED99A913297C8F2C0029235B /* Debug */ = {
			isa = XCBuildConfiguration;
			buildSettings = {
				ALWAYS_SEARCH_USER_PATHS = NO;
				CLANG_ANALYZER_NONNULL = YES;
				CLANG_ANALYZER_NUMBER_OBJECT_CONVERSION = YES_AGGRESSIVE;
				CLANG_CXX_LANGUAGE_STANDARD = "gnu++20";
				CLANG_ENABLE_MODULES = YES;
				CLANG_ENABLE_OBJC_ARC = YES;
				CLANG_ENABLE_OBJC_WEAK = YES;
				CLANG_WARN_BLOCK_CAPTURE_AUTORELEASING = YES;
				CLANG_WARN_BOOL_CONVERSION = YES;
				CLANG_WARN_COMMA = YES;
				CLANG_WARN_CONSTANT_CONVERSION = YES;
				CLANG_WARN_DEPRECATED_OBJC_IMPLEMENTATIONS = YES;
				CLANG_WARN_DIRECT_OBJC_ISA_USAGE = YES_ERROR;
				CLANG_WARN_DOCUMENTATION_COMMENTS = YES;
				CLANG_WARN_EMPTY_BODY = YES;
				CLANG_WARN_ENUM_CONVERSION = YES;
				CLANG_WARN_INFINITE_RECURSION = YES;
				CLANG_WARN_INT_CONVERSION = YES;
				CLANG_WARN_NON_LITERAL_NULL_CONVERSION = YES;
				CLANG_WARN_OBJC_IMPLICIT_RETAIN_SELF = YES;
				CLANG_WARN_OBJC_LITERAL_CONVERSION = YES;
				CLANG_WARN_OBJC_ROOT_CLASS = YES_ERROR;
				CLANG_WARN_QUOTED_INCLUDE_IN_FRAMEWORK_HEADER = YES;
				CLANG_WARN_RANGE_LOOP_ANALYSIS = YES;
				CLANG_WARN_STRICT_PROTOTYPES = YES;
				CLANG_WARN_SUSPICIOUS_MOVE = YES;
				CLANG_WARN_UNGUARDED_AVAILABILITY = YES_AGGRESSIVE;
				CLANG_WARN_UNREACHABLE_CODE = YES;
				CLANG_WARN__DUPLICATE_METHOD_MATCH = YES;
				COPY_PHASE_STRIP = NO;
				DEBUG_INFORMATION_FORMAT = dwarf;
				ENABLE_STRICT_OBJC_MSGSEND = YES;
				ENABLE_TESTABILITY = YES;
				GCC_C_LANGUAGE_STANDARD = gnu11;
				GCC_DYNAMIC_NO_PIC = NO;
				GCC_NO_COMMON_BLOCKS = YES;
				GCC_OPTIMIZATION_LEVEL = 0;
				GCC_PREPROCESSOR_DEFINITIONS = (
					"DEBUG=1",
					"$(inherited)",
				);
				GCC_WARN_64_TO_32_BIT_CONVERSION = YES;
				GCC_WARN_ABOUT_RETURN_TYPE = YES_ERROR;
				GCC_WARN_UNDECLARED_SELECTOR = YES;
				GCC_WARN_UNINITIALIZED_AUTOS = YES_AGGRESSIVE;
				GCC_WARN_UNUSED_FUNCTION = YES;
				GCC_WARN_UNUSED_VARIABLE = YES;
				IPHONEOS_DEPLOYMENT_TARGET = 16.2;
				MTL_ENABLE_DEBUG_INFO = INCLUDE_SOURCE;
				MTL_FAST_MATH = YES;
				ONLY_ACTIVE_ARCH = YES;
				SDKROOT = iphoneos;
				SWIFT_ACTIVE_COMPILATION_CONDITIONS = DEBUG;
				SWIFT_OPTIMIZATION_LEVEL = "-Onone";
			};
			name = Debug;
		};
		ED99A914297C8F2C0029235B /* Release */ = {
			isa = XCBuildConfiguration;
			buildSettings = {
				ALWAYS_SEARCH_USER_PATHS = NO;
				CLANG_ANALYZER_NONNULL = YES;
				CLANG_ANALYZER_NUMBER_OBJECT_CONVERSION = YES_AGGRESSIVE;
				CLANG_CXX_LANGUAGE_STANDARD = "gnu++20";
				CLANG_ENABLE_MODULES = YES;
				CLANG_ENABLE_OBJC_ARC = YES;
				CLANG_ENABLE_OBJC_WEAK = YES;
				CLANG_WARN_BLOCK_CAPTURE_AUTORELEASING = YES;
				CLANG_WARN_BOOL_CONVERSION = YES;
				CLANG_WARN_COMMA = YES;
				CLANG_WARN_CONSTANT_CONVERSION = YES;
				CLANG_WARN_DEPRECATED_OBJC_IMPLEMENTATIONS = YES;
				CLANG_WARN_DIRECT_OBJC_ISA_USAGE = YES_ERROR;
				CLANG_WARN_DOCUMENTATION_COMMENTS = YES;
				CLANG_WARN_EMPTY_BODY = YES;
				CLANG_WARN_ENUM_CONVERSION = YES;
				CLANG_WARN_INFINITE_RECURSION = YES;
				CLANG_WARN_INT_CONVERSION = YES;
				CLANG_WARN_NON_LITERAL_NULL_CONVERSION = YES;
				CLANG_WARN_OBJC_IMPLICIT_RETAIN_SELF = YES;
				CLANG_WARN_OBJC_LITERAL_CONVERSION = YES;
				CLANG_WARN_OBJC_ROOT_CLASS = YES_ERROR;
				CLANG_WARN_QUOTED_INCLUDE_IN_FRAMEWORK_HEADER = YES;
				CLANG_WARN_RANGE_LOOP_ANALYSIS = YES;
				CLANG_WARN_STRICT_PROTOTYPES = YES;
				CLANG_WARN_SUSPICIOUS_MOVE = YES;
				CLANG_WARN_UNGUARDED_AVAILABILITY = YES_AGGRESSIVE;
				CLANG_WARN_UNREACHABLE_CODE = YES;
				CLANG_WARN__DUPLICATE_METHOD_MATCH = YES;
				COPY_PHASE_STRIP = NO;
				DEBUG_INFORMATION_FORMAT = "dwarf-with-dsym";
				ENABLE_NS_ASSERTIONS = NO;
				ENABLE_STRICT_OBJC_MSGSEND = YES;
				GCC_C_LANGUAGE_STANDARD = gnu11;
				GCC_NO_COMMON_BLOCKS = YES;
				GCC_WARN_64_TO_32_BIT_CONVERSION = YES;
				GCC_WARN_ABOUT_RETURN_TYPE = YES_ERROR;
				GCC_WARN_UNDECLARED_SELECTOR = YES;
				GCC_WARN_UNINITIALIZED_AUTOS = YES_AGGRESSIVE;
				GCC_WARN_UNUSED_FUNCTION = YES;
				GCC_WARN_UNUSED_VARIABLE = YES;
				IPHONEOS_DEPLOYMENT_TARGET = 16.2;
				MTL_ENABLE_DEBUG_INFO = NO;
				MTL_FAST_MATH = YES;
				SDKROOT = iphoneos;
				SWIFT_COMPILATION_MODE = wholemodule;
				SWIFT_OPTIMIZATION_LEVEL = "-O";
				VALIDATE_PRODUCT = YES;
			};
			name = Release;
		};
		ED99A916297C8F2C0029235B /* Debug */ = {
			isa = XCBuildConfiguration;
			baseConfigurationReference = A7F0443B0D22E0F7234A77B9 /* Pods-MessageMate.debug.xcconfig */;
			buildSettings = {
				ASSETCATALOG_COMPILER_APPICON_NAME = AppIcon;
				ASSETCATALOG_COMPILER_GLOBAL_ACCENT_COLOR_NAME = AccentColor;
				CODE_SIGN_ENTITLEMENTS = MessageMate/MessageMate.entitlements;
				CODE_SIGN_STYLE = Automatic;
				CURRENT_PROJECT_VERSION = 1;
				DEVELOPMENT_ASSET_PATHS = "\"MessageMate/Preview Content\"";
				DEVELOPMENT_TEAM = WRFAAJL539;
				ENABLE_PREVIEWS = YES;
				GENERATE_INFOPLIST_FILE = YES;
				INFOPLIST_KEY_UIApplicationSceneManifest_Generation = YES;
				INFOPLIST_KEY_UIApplicationSupportsIndirectInputEvents = YES;
				INFOPLIST_KEY_UILaunchScreen_Generation = YES;
				INFOPLIST_KEY_UISupportedInterfaceOrientations_iPad = "UIInterfaceOrientationPortrait UIInterfaceOrientationPortraitUpsideDown UIInterfaceOrientationLandscapeLeft UIInterfaceOrientationLandscapeRight";
				INFOPLIST_KEY_UISupportedInterfaceOrientations_iPhone = "UIInterfaceOrientationPortrait UIInterfaceOrientationLandscapeLeft UIInterfaceOrientationLandscapeRight";
				IPHONEOS_DEPLOYMENT_TARGET = 15.2;
				LD_RUNPATH_SEARCH_PATHS = (
					"$(inherited)",
					"@executable_path/Frameworks",
				);
				MARKETING_VERSION = 1.0;
				PRODUCT_BUNDLE_IDENTIFIER = erickverleye.MessageMate;
				PRODUCT_NAME = "$(TARGET_NAME)";
				SWIFT_EMIT_LOC_STRINGS = YES;
				SWIFT_VERSION = 5.0;
				TARGETED_DEVICE_FAMILY = "1,2";
			};
			name = Debug;
		};
		ED99A917297C8F2C0029235B /* Release */ = {
			isa = XCBuildConfiguration;
			baseConfigurationReference = A4A4002FCFF80CF21658C102 /* Pods-MessageMate.release.xcconfig */;
			buildSettings = {
				ASSETCATALOG_COMPILER_APPICON_NAME = AppIcon;
				ASSETCATALOG_COMPILER_GLOBAL_ACCENT_COLOR_NAME = AccentColor;
				CODE_SIGN_ENTITLEMENTS = MessageMate/MessageMate.entitlements;
				CODE_SIGN_STYLE = Automatic;
				CURRENT_PROJECT_VERSION = 1;
				DEVELOPMENT_ASSET_PATHS = "\"MessageMate/Preview Content\"";
				DEVELOPMENT_TEAM = WRFAAJL539;
				ENABLE_PREVIEWS = YES;
				GENERATE_INFOPLIST_FILE = YES;
				INFOPLIST_KEY_UIApplicationSceneManifest_Generation = YES;
				INFOPLIST_KEY_UIApplicationSupportsIndirectInputEvents = YES;
				INFOPLIST_KEY_UILaunchScreen_Generation = YES;
				INFOPLIST_KEY_UISupportedInterfaceOrientations_iPad = "UIInterfaceOrientationPortrait UIInterfaceOrientationPortraitUpsideDown UIInterfaceOrientationLandscapeLeft UIInterfaceOrientationLandscapeRight";
				INFOPLIST_KEY_UISupportedInterfaceOrientations_iPhone = "UIInterfaceOrientationPortrait UIInterfaceOrientationLandscapeLeft UIInterfaceOrientationLandscapeRight";
				IPHONEOS_DEPLOYMENT_TARGET = 15.2;
				LD_RUNPATH_SEARCH_PATHS = (
					"$(inherited)",
					"@executable_path/Frameworks",
				);
				MARKETING_VERSION = 1.0;
				PRODUCT_BUNDLE_IDENTIFIER = erickverleye.MessageMate;
				PRODUCT_NAME = "$(TARGET_NAME)";
				SWIFT_EMIT_LOC_STRINGS = YES;
				SWIFT_VERSION = 5.0;
				TARGETED_DEVICE_FAMILY = "1,2";
			};
			name = Release;
		};
/* End XCBuildConfiguration section */

/* Begin XCConfigurationList section */
		ED99A902297C8F2A0029235B /* Build configuration list for PBXProject "MessageMate" */ = {
			isa = XCConfigurationList;
			buildConfigurations = (
				ED99A913297C8F2C0029235B /* Debug */,
				ED99A914297C8F2C0029235B /* Release */,
			);
			defaultConfigurationIsVisible = 0;
			defaultConfigurationName = Release;
		};
		ED99A915297C8F2C0029235B /* Build configuration list for PBXNativeTarget "MessageMate" */ = {
			isa = XCConfigurationList;
			buildConfigurations = (
				ED99A916297C8F2C0029235B /* Debug */,
				ED99A917297C8F2C0029235B /* Release */,
			);
			defaultConfigurationIsVisible = 0;
			defaultConfigurationName = Release;
		};
/* End XCConfigurationList section */
	};
	rootObject = ED99A8FF297C8F2A0029235B /* Project object */;
}
