// !$*UTF8*$!
{
	archiveVersion = 1;
	classes = {
	};
	objectVersion = 55;
	objects = {

/* Begin PBXBuildFile section */
		ED2CBB1C29936275002161BE /* LottieView.swift in Sources */ = {isa = PBXBuildFile; fileRef = ED2CBB1B29936275002161BE /* LottieView.swift */; };
		ED3032E729C2A73D008EC92A /* TestView.swift in Sources */ = {isa = PBXBuildFile; fileRef = ED3032E629C2A73D008EC92A /* TestView.swift */; };
		ED3032FA29CBF326008EC92A /* Nunito-Regular.ttf in Resources */ = {isa = PBXBuildFile; fileRef = ED3032EA29CBF325008EC92A /* Nunito-Regular.ttf */; };
		ED3032FB29CBF326008EC92A /* Nunito-ExtraLightItalic.ttf in Resources */ = {isa = PBXBuildFile; fileRef = ED3032EB29CBF325008EC92A /* Nunito-ExtraLightItalic.ttf */; };
		ED3032FC29CBF326008EC92A /* Nunito-BlackItalic.ttf in Resources */ = {isa = PBXBuildFile; fileRef = ED3032EC29CBF325008EC92A /* Nunito-BlackItalic.ttf */; };
		ED3032FD29CBF326008EC92A /* Nunito-Black.ttf in Resources */ = {isa = PBXBuildFile; fileRef = ED3032ED29CBF325008EC92A /* Nunito-Black.ttf */; };
		ED3032FE29CBF326008EC92A /* Nunito-SemiBold.ttf in Resources */ = {isa = PBXBuildFile; fileRef = ED3032EE29CBF325008EC92A /* Nunito-SemiBold.ttf */; };
		ED3032FF29CBF326008EC92A /* Nunito-MediumItalic.ttf in Resources */ = {isa = PBXBuildFile; fileRef = ED3032EF29CBF325008EC92A /* Nunito-MediumItalic.ttf */; };
		ED30330029CBF326008EC92A /* Nunito-SemiBoldItalic.ttf in Resources */ = {isa = PBXBuildFile; fileRef = ED3032F029CBF325008EC92A /* Nunito-SemiBoldItalic.ttf */; };
		ED30330129CBF326008EC92A /* Nunito-LightItalic.ttf in Resources */ = {isa = PBXBuildFile; fileRef = ED3032F129CBF325008EC92A /* Nunito-LightItalic.ttf */; };
		ED30330229CBF326008EC92A /* Nunito-Medium.ttf in Resources */ = {isa = PBXBuildFile; fileRef = ED3032F229CBF325008EC92A /* Nunito-Medium.ttf */; };
		ED30330329CBF326008EC92A /* Nunito-Bold.ttf in Resources */ = {isa = PBXBuildFile; fileRef = ED3032F329CBF325008EC92A /* Nunito-Bold.ttf */; };
		ED30330429CBF326008EC92A /* Nunito-BoldItalic.ttf in Resources */ = {isa = PBXBuildFile; fileRef = ED3032F429CBF325008EC92A /* Nunito-BoldItalic.ttf */; };
		ED30330529CBF326008EC92A /* Nunito-ExtraBold.ttf in Resources */ = {isa = PBXBuildFile; fileRef = ED3032F529CBF325008EC92A /* Nunito-ExtraBold.ttf */; };
		ED30330629CBF326008EC92A /* Nunito-Italic.ttf in Resources */ = {isa = PBXBuildFile; fileRef = ED3032F629CBF325008EC92A /* Nunito-Italic.ttf */; };
		ED30330729CBF326008EC92A /* Nunito-ExtraBoldItalic.ttf in Resources */ = {isa = PBXBuildFile; fileRef = ED3032F729CBF325008EC92A /* Nunito-ExtraBoldItalic.ttf */; };
		ED30330829CBF326008EC92A /* Nunito-Light.ttf in Resources */ = {isa = PBXBuildFile; fileRef = ED3032F829CBF325008EC92A /* Nunito-Light.ttf */; };
		ED30330929CBF326008EC92A /* Nunito-ExtraLight.ttf in Resources */ = {isa = PBXBuildFile; fileRef = ED3032F929CBF325008EC92A /* Nunito-ExtraLight.ttf */; };
		ED30331C29CEA8FA008EC92A /* Montserrat-Italic.ttf in Resources */ = {isa = PBXBuildFile; fileRef = ED30330A29CEA8F9008EC92A /* Montserrat-Italic.ttf */; };
		ED30331D29CEA8FA008EC92A /* Montserrat-Medium.ttf in Resources */ = {isa = PBXBuildFile; fileRef = ED30330B29CEA8F9008EC92A /* Montserrat-Medium.ttf */; };
		ED30331E29CEA8FA008EC92A /* Montserrat-SemiBoldItalic.ttf in Resources */ = {isa = PBXBuildFile; fileRef = ED30330C29CEA8F9008EC92A /* Montserrat-SemiBoldItalic.ttf */; };
		ED30331F29CEA8FA008EC92A /* Montserrat-LightItalic.ttf in Resources */ = {isa = PBXBuildFile; fileRef = ED30330D29CEA8F9008EC92A /* Montserrat-LightItalic.ttf */; };
		ED30332029CEA8FA008EC92A /* Montserrat-Thin.ttf in Resources */ = {isa = PBXBuildFile; fileRef = ED30330E29CEA8F9008EC92A /* Montserrat-Thin.ttf */; };
		ED30332129CEA8FA008EC92A /* Montserrat-ThinItalic.ttf in Resources */ = {isa = PBXBuildFile; fileRef = ED30330F29CEA8F9008EC92A /* Montserrat-ThinItalic.ttf */; };
		ED30332229CEA8FA008EC92A /* Montserrat-ExtraBold.ttf in Resources */ = {isa = PBXBuildFile; fileRef = ED30331029CEA8F9008EC92A /* Montserrat-ExtraBold.ttf */; };
		ED30332329CEA8FA008EC92A /* Montserrat-Bold.ttf in Resources */ = {isa = PBXBuildFile; fileRef = ED30331129CEA8F9008EC92A /* Montserrat-Bold.ttf */; };
		ED30332429CEA8FA008EC92A /* Montserrat-Regular.ttf in Resources */ = {isa = PBXBuildFile; fileRef = ED30331229CEA8FA008EC92A /* Montserrat-Regular.ttf */; };
		ED30332529CEA8FA008EC92A /* Montserrat-MediumItalic.ttf in Resources */ = {isa = PBXBuildFile; fileRef = ED30331329CEA8FA008EC92A /* Montserrat-MediumItalic.ttf */; };
		ED30332629CEA8FA008EC92A /* Montserrat-ExtraLightItalic.ttf in Resources */ = {isa = PBXBuildFile; fileRef = ED30331429CEA8FA008EC92A /* Montserrat-ExtraLightItalic.ttf */; };
		ED30332729CEA8FA008EC92A /* Montserrat-SemiBold.ttf in Resources */ = {isa = PBXBuildFile; fileRef = ED30331529CEA8FA008EC92A /* Montserrat-SemiBold.ttf */; };
		ED30332829CEA8FA008EC92A /* Montserrat-BlackItalic.ttf in Resources */ = {isa = PBXBuildFile; fileRef = ED30331629CEA8FA008EC92A /* Montserrat-BlackItalic.ttf */; };
		ED30332929CEA8FA008EC92A /* Montserrat-ExtraBoldItalic.ttf in Resources */ = {isa = PBXBuildFile; fileRef = ED30331729CEA8FA008EC92A /* Montserrat-ExtraBoldItalic.ttf */; };
		ED30332A29CEA8FA008EC92A /* Montserrat-Light.ttf in Resources */ = {isa = PBXBuildFile; fileRef = ED30331829CEA8FA008EC92A /* Montserrat-Light.ttf */; };
		ED30332B29CEA8FA008EC92A /* Montserrat-BoldItalic.ttf in Resources */ = {isa = PBXBuildFile; fileRef = ED30331929CEA8FA008EC92A /* Montserrat-BoldItalic.ttf */; };
		ED30332C29CEA8FA008EC92A /* Montserrat-ExtraLight.ttf in Resources */ = {isa = PBXBuildFile; fileRef = ED30331A29CEA8FA008EC92A /* Montserrat-ExtraLight.ttf */; };
		ED30332D29CEA8FA008EC92A /* Montserrat-Black.ttf in Resources */ = {isa = PBXBuildFile; fileRef = ED30331B29CEA8FA008EC92A /* Montserrat-Black.ttf */; };
		ED30333029D0E7B1008EC92A /* Paperplane.lottie in Resources */ = {isa = PBXBuildFile; fileRef = ED30332E29D0E7B1008EC92A /* Paperplane.lottie */; };
		ED30333129D0E7B1008EC92A /* Loading-2.json in Resources */ = {isa = PBXBuildFile; fileRef = ED30332F29D0E7B1008EC92A /* Loading-2.json */; };
		ED30333329D0EEC8008EC92A /* Paperplane.json in Resources */ = {isa = PBXBuildFile; fileRef = ED30333229D0EEC8008EC92A /* Paperplane.json */; };
		ED53B9AF297F8A0E0013C03B /* InboxView.swift in Sources */ = {isa = PBXBuildFile; fileRef = ED53B9AE297F8A0E0013C03B /* InboxView.swift */; };
		ED53B9B1297F8A250013C03B /* TutorialView.swift in Sources */ = {isa = PBXBuildFile; fileRef = ED53B9B0297F8A250013C03B /* TutorialView.swift */; };
		ED53B9B3297F8A400013C03B /* BusinessInformationView.swift in Sources */ = {isa = PBXBuildFile; fileRef = ED53B9B2297F8A400013C03B /* BusinessInformationView.swift */; };
		ED53B9B5297F8AAA0013C03B /* OnboardingView.swift in Sources */ = {isa = PBXBuildFile; fileRef = ED53B9B4297F8AAA0013C03B /* OnboardingView.swift */; };
		ED700B6B297CA1AD0058968B /* SessionStore.swift in Sources */ = {isa = PBXBuildFile; fileRef = ED700B68297CA1AC0058968B /* SessionStore.swift */; };
		ED700B6C297CA1AD0058968B /* AppDelegate.swift in Sources */ = {isa = PBXBuildFile; fileRef = ED700B69297CA1AC0058968B /* AppDelegate.swift */; };
		ED700B6D297CA1AD0058968B /* FirebaseNamespaces.swift in Sources */ = {isa = PBXBuildFile; fileRef = ED700B6A297CA1AD0058968B /* FirebaseNamespaces.swift */; };
		ED700B6F297CA3F50058968B /* GoogleService-Info.plist in Resources */ = {isa = PBXBuildFile; fileRef = ED700B6E297CA3F50058968B /* GoogleService-Info.plist */; };
		ED700B71297CA4930058968B /* SignInWithApple.swift in Sources */ = {isa = PBXBuildFile; fileRef = ED700B70297CA4930058968B /* SignInWithApple.swift */; };
		ED700B73297CA54E0058968B /* SignInView.swift in Sources */ = {isa = PBXBuildFile; fileRef = ED700B72297CA54E0058968B /* SignInView.swift */; };
		ED700B75297CA5AB0058968B /* Constants.swift in Sources */ = {isa = PBXBuildFile; fileRef = ED700B74297CA5AB0058968B /* Constants.swift */; };
		ED99A90B297C8F2A0029235B /* MessageMateApp.swift in Sources */ = {isa = PBXBuildFile; fileRef = ED99A90A297C8F2A0029235B /* MessageMateApp.swift */; };
		ED99A90D297C8F2A0029235B /* ContentView.swift in Sources */ = {isa = PBXBuildFile; fileRef = ED99A90C297C8F2A0029235B /* ContentView.swift */; };
		ED99A90F297C8F2C0029235B /* Assets.xcassets in Resources */ = {isa = PBXBuildFile; fileRef = ED99A90E297C8F2C0029235B /* Assets.xcassets */; };
		ED99A912297C8F2C0029235B /* Preview Assets.xcassets in Resources */ = {isa = PBXBuildFile; fileRef = ED99A911297C8F2C0029235B /* Preview Assets.xcassets */; };
		EDB4B66429A19401004DE432 /* 97952-loading-animation-blue.json in Resources */ = {isa = PBXBuildFile; fileRef = EDB4B66329A19401004DE432 /* 97952-loading-animation-blue.json */; };
		EDB4B66629A2D33D004DE432 /* DynamicDictSubView.swift in Sources */ = {isa = PBXBuildFile; fileRef = EDB4B66529A2D33D004DE432 /* DynamicDictSubView.swift */; };
		EDB4B66829A2D390004DE432 /* DynamicListSubView.swift in Sources */ = {isa = PBXBuildFile; fileRef = EDB4B66729A2D390004DE432 /* DynamicListSubView.swift */; };
		EDBCF6252984F0E400C92448 /* SceneDelegate.swift in Sources */ = {isa = PBXBuildFile; fileRef = EDBCF6242984F0E400C92448 /* SceneDelegate.swift */; };
		EDC9CC4229AB1DC30036567C /* AccountView.swift in Sources */ = {isa = PBXBuildFile; fileRef = EDC9CC4129AB1DC30036567C /* AccountView.swift */; };
		EDC9CC4429AB35750036567C /* SelectPageView.swift in Sources */ = {isa = PBXBuildFile; fileRef = EDC9CC4329AB35750036567C /* SelectPageView.swift */; };
		EDCED56629D95D13005E28BC /* FirebaseAnalytics in Frameworks */ = {isa = PBXBuildFile; productRef = EDCED56529D95D13005E28BC /* FirebaseAnalytics */; };
		EDCED56829D95D13005E28BC /* FirebaseAuth in Frameworks */ = {isa = PBXBuildFile; productRef = EDCED56729D95D13005E28BC /* FirebaseAuth */; };
		EDCED56A29D95D13005E28BC /* FirebaseFirestore in Frameworks */ = {isa = PBXBuildFile; productRef = EDCED56929D95D13005E28BC /* FirebaseFirestore */; };
		EDCED56C29D95D13005E28BC /* FirebaseMessaging in Frameworks */ = {isa = PBXBuildFile; productRef = EDCED56B29D95D13005E28BC /* FirebaseMessaging */; };
		EDCED56E29D95D13005E28BC /* FirebaseStorage in Frameworks */ = {isa = PBXBuildFile; productRef = EDCED56D29D95D13005E28BC /* FirebaseStorage */; };
		EDCED57129D95E62005E28BC /* FacebookCore in Frameworks */ = {isa = PBXBuildFile; productRef = EDCED57029D95E62005E28BC /* FacebookCore */; };
		EDCED57329D95E62005E28BC /* FacebookLogin in Frameworks */ = {isa = PBXBuildFile; productRef = EDCED57229D95E62005E28BC /* FacebookLogin */; };
		EDCED57529D95E62005E28BC /* FacebookShare in Frameworks */ = {isa = PBXBuildFile; productRef = EDCED57429D95E62005E28BC /* FacebookShare */; };
		EDCED57829D95E96005E28BC /* SwiftProtobuf in Frameworks */ = {isa = PBXBuildFile; productRef = EDCED57729D95E96005E28BC /* SwiftProtobuf */; };
		EDCED57B29D95EFE005E28BC /* Lottie in Frameworks */ = {isa = PBXBuildFile; productRef = EDCED57A29D95EFE005E28BC /* Lottie */; };
		EDFA8D062993660A00559DD4 /* 9844-loading-40-paperplane.json in Resources */ = {isa = PBXBuildFile; fileRef = EDFA8D052993660A00559DD4 /* 9844-loading-40-paperplane.json */; };
/* End PBXBuildFile section */

/* Begin PBXFileReference section */
		ED2CBB1B29936275002161BE /* LottieView.swift */ = {isa = PBXFileReference; lastKnownFileType = sourcecode.swift; path = LottieView.swift; sourceTree = "<group>"; };
		ED3032E629C2A73D008EC92A /* TestView.swift */ = {isa = PBXFileReference; lastKnownFileType = sourcecode.swift; path = TestView.swift; sourceTree = "<group>"; };
		ED3032E829C58077008EC92A /* MessageMateRelease.entitlements */ = {isa = PBXFileReference; lastKnownFileType = text.plist.entitlements; path = MessageMateRelease.entitlements; sourceTree = "<group>"; };
		ED3032EA29CBF325008EC92A /* Nunito-Regular.ttf */ = {isa = PBXFileReference; lastKnownFileType = file; name = "Nunito-Regular.ttf"; path = "Nunito/static/Nunito-Regular.ttf"; sourceTree = SOURCE_ROOT; };
		ED3032EB29CBF325008EC92A /* Nunito-ExtraLightItalic.ttf */ = {isa = PBXFileReference; lastKnownFileType = file; name = "Nunito-ExtraLightItalic.ttf"; path = "Nunito/static/Nunito-ExtraLightItalic.ttf"; sourceTree = SOURCE_ROOT; };
		ED3032EC29CBF325008EC92A /* Nunito-BlackItalic.ttf */ = {isa = PBXFileReference; lastKnownFileType = file; name = "Nunito-BlackItalic.ttf"; path = "Nunito/static/Nunito-BlackItalic.ttf"; sourceTree = SOURCE_ROOT; };
		ED3032ED29CBF325008EC92A /* Nunito-Black.ttf */ = {isa = PBXFileReference; lastKnownFileType = file; name = "Nunito-Black.ttf"; path = "Nunito/static/Nunito-Black.ttf"; sourceTree = SOURCE_ROOT; };
		ED3032EE29CBF325008EC92A /* Nunito-SemiBold.ttf */ = {isa = PBXFileReference; lastKnownFileType = file; name = "Nunito-SemiBold.ttf"; path = "Nunito/static/Nunito-SemiBold.ttf"; sourceTree = SOURCE_ROOT; };
		ED3032EF29CBF325008EC92A /* Nunito-MediumItalic.ttf */ = {isa = PBXFileReference; lastKnownFileType = file; name = "Nunito-MediumItalic.ttf"; path = "Nunito/static/Nunito-MediumItalic.ttf"; sourceTree = SOURCE_ROOT; };
		ED3032F029CBF325008EC92A /* Nunito-SemiBoldItalic.ttf */ = {isa = PBXFileReference; lastKnownFileType = file; name = "Nunito-SemiBoldItalic.ttf"; path = "Nunito/static/Nunito-SemiBoldItalic.ttf"; sourceTree = SOURCE_ROOT; };
		ED3032F129CBF325008EC92A /* Nunito-LightItalic.ttf */ = {isa = PBXFileReference; lastKnownFileType = file; name = "Nunito-LightItalic.ttf"; path = "Nunito/static/Nunito-LightItalic.ttf"; sourceTree = SOURCE_ROOT; };
		ED3032F229CBF325008EC92A /* Nunito-Medium.ttf */ = {isa = PBXFileReference; lastKnownFileType = file; name = "Nunito-Medium.ttf"; path = "Nunito/static/Nunito-Medium.ttf"; sourceTree = SOURCE_ROOT; };
		ED3032F329CBF325008EC92A /* Nunito-Bold.ttf */ = {isa = PBXFileReference; lastKnownFileType = file; name = "Nunito-Bold.ttf"; path = "Nunito/static/Nunito-Bold.ttf"; sourceTree = SOURCE_ROOT; };
		ED3032F429CBF325008EC92A /* Nunito-BoldItalic.ttf */ = {isa = PBXFileReference; lastKnownFileType = file; name = "Nunito-BoldItalic.ttf"; path = "Nunito/static/Nunito-BoldItalic.ttf"; sourceTree = SOURCE_ROOT; };
		ED3032F529CBF325008EC92A /* Nunito-ExtraBold.ttf */ = {isa = PBXFileReference; lastKnownFileType = file; name = "Nunito-ExtraBold.ttf"; path = "Nunito/static/Nunito-ExtraBold.ttf"; sourceTree = SOURCE_ROOT; };
		ED3032F629CBF325008EC92A /* Nunito-Italic.ttf */ = {isa = PBXFileReference; lastKnownFileType = file; name = "Nunito-Italic.ttf"; path = "Nunito/static/Nunito-Italic.ttf"; sourceTree = SOURCE_ROOT; };
		ED3032F729CBF325008EC92A /* Nunito-ExtraBoldItalic.ttf */ = {isa = PBXFileReference; lastKnownFileType = file; name = "Nunito-ExtraBoldItalic.ttf"; path = "Nunito/static/Nunito-ExtraBoldItalic.ttf"; sourceTree = SOURCE_ROOT; };
		ED3032F829CBF325008EC92A /* Nunito-Light.ttf */ = {isa = PBXFileReference; lastKnownFileType = file; name = "Nunito-Light.ttf"; path = "Nunito/static/Nunito-Light.ttf"; sourceTree = SOURCE_ROOT; };
		ED3032F929CBF325008EC92A /* Nunito-ExtraLight.ttf */ = {isa = PBXFileReference; lastKnownFileType = file; name = "Nunito-ExtraLight.ttf"; path = "Nunito/static/Nunito-ExtraLight.ttf"; sourceTree = SOURCE_ROOT; };
		ED30330A29CEA8F9008EC92A /* Montserrat-Italic.ttf */ = {isa = PBXFileReference; lastKnownFileType = file; name = "Montserrat-Italic.ttf"; path = "../../../../../Downloads/Montserrat/static/Montserrat-Italic.ttf"; sourceTree = "<group>"; };
		ED30330B29CEA8F9008EC92A /* Montserrat-Medium.ttf */ = {isa = PBXFileReference; lastKnownFileType = file; name = "Montserrat-Medium.ttf"; path = "../../../../../Downloads/Montserrat/static/Montserrat-Medium.ttf"; sourceTree = "<group>"; };
		ED30330C29CEA8F9008EC92A /* Montserrat-SemiBoldItalic.ttf */ = {isa = PBXFileReference; lastKnownFileType = file; name = "Montserrat-SemiBoldItalic.ttf"; path = "../../../../../Downloads/Montserrat/static/Montserrat-SemiBoldItalic.ttf"; sourceTree = "<group>"; };
		ED30330D29CEA8F9008EC92A /* Montserrat-LightItalic.ttf */ = {isa = PBXFileReference; lastKnownFileType = file; name = "Montserrat-LightItalic.ttf"; path = "../../../../../Downloads/Montserrat/static/Montserrat-LightItalic.ttf"; sourceTree = "<group>"; };
		ED30330E29CEA8F9008EC92A /* Montserrat-Thin.ttf */ = {isa = PBXFileReference; lastKnownFileType = file; name = "Montserrat-Thin.ttf"; path = "../../../../../Downloads/Montserrat/static/Montserrat-Thin.ttf"; sourceTree = "<group>"; };
		ED30330F29CEA8F9008EC92A /* Montserrat-ThinItalic.ttf */ = {isa = PBXFileReference; lastKnownFileType = file; name = "Montserrat-ThinItalic.ttf"; path = "../../../../../Downloads/Montserrat/static/Montserrat-ThinItalic.ttf"; sourceTree = "<group>"; };
		ED30331029CEA8F9008EC92A /* Montserrat-ExtraBold.ttf */ = {isa = PBXFileReference; lastKnownFileType = file; name = "Montserrat-ExtraBold.ttf"; path = "../../../../../Downloads/Montserrat/static/Montserrat-ExtraBold.ttf"; sourceTree = "<group>"; };
		ED30331129CEA8F9008EC92A /* Montserrat-Bold.ttf */ = {isa = PBXFileReference; lastKnownFileType = file; name = "Montserrat-Bold.ttf"; path = "../../../../../Downloads/Montserrat/static/Montserrat-Bold.ttf"; sourceTree = "<group>"; };
		ED30331229CEA8FA008EC92A /* Montserrat-Regular.ttf */ = {isa = PBXFileReference; lastKnownFileType = file; name = "Montserrat-Regular.ttf"; path = "../../../../../Downloads/Montserrat/static/Montserrat-Regular.ttf"; sourceTree = "<group>"; };
		ED30331329CEA8FA008EC92A /* Montserrat-MediumItalic.ttf */ = {isa = PBXFileReference; lastKnownFileType = file; name = "Montserrat-MediumItalic.ttf"; path = "../../../../../Downloads/Montserrat/static/Montserrat-MediumItalic.ttf"; sourceTree = "<group>"; };
		ED30331429CEA8FA008EC92A /* Montserrat-ExtraLightItalic.ttf */ = {isa = PBXFileReference; lastKnownFileType = file; name = "Montserrat-ExtraLightItalic.ttf"; path = "../../../../../Downloads/Montserrat/static/Montserrat-ExtraLightItalic.ttf"; sourceTree = "<group>"; };
		ED30331529CEA8FA008EC92A /* Montserrat-SemiBold.ttf */ = {isa = PBXFileReference; lastKnownFileType = file; name = "Montserrat-SemiBold.ttf"; path = "../../../../../Downloads/Montserrat/static/Montserrat-SemiBold.ttf"; sourceTree = "<group>"; };
		ED30331629CEA8FA008EC92A /* Montserrat-BlackItalic.ttf */ = {isa = PBXFileReference; lastKnownFileType = file; name = "Montserrat-BlackItalic.ttf"; path = "../../../../../Downloads/Montserrat/static/Montserrat-BlackItalic.ttf"; sourceTree = "<group>"; };
		ED30331729CEA8FA008EC92A /* Montserrat-ExtraBoldItalic.ttf */ = {isa = PBXFileReference; lastKnownFileType = file; name = "Montserrat-ExtraBoldItalic.ttf"; path = "../../../../../Downloads/Montserrat/static/Montserrat-ExtraBoldItalic.ttf"; sourceTree = "<group>"; };
		ED30331829CEA8FA008EC92A /* Montserrat-Light.ttf */ = {isa = PBXFileReference; lastKnownFileType = file; name = "Montserrat-Light.ttf"; path = "../../../../../Downloads/Montserrat/static/Montserrat-Light.ttf"; sourceTree = "<group>"; };
		ED30331929CEA8FA008EC92A /* Montserrat-BoldItalic.ttf */ = {isa = PBXFileReference; lastKnownFileType = file; name = "Montserrat-BoldItalic.ttf"; path = "../../../../../Downloads/Montserrat/static/Montserrat-BoldItalic.ttf"; sourceTree = "<group>"; };
		ED30331A29CEA8FA008EC92A /* Montserrat-ExtraLight.ttf */ = {isa = PBXFileReference; lastKnownFileType = file; name = "Montserrat-ExtraLight.ttf"; path = "../../../../../Downloads/Montserrat/static/Montserrat-ExtraLight.ttf"; sourceTree = "<group>"; };
		ED30331B29CEA8FA008EC92A /* Montserrat-Black.ttf */ = {isa = PBXFileReference; lastKnownFileType = file; name = "Montserrat-Black.ttf"; path = "../../../../../Downloads/Montserrat/static/Montserrat-Black.ttf"; sourceTree = "<group>"; };
		ED30332E29D0E7B1008EC92A /* Paperplane.lottie */ = {isa = PBXFileReference; lastKnownFileType = file; name = Paperplane.lottie; path = ../../../../../Downloads/Paperplane.lottie; sourceTree = "<group>"; };
		ED30332F29D0E7B1008EC92A /* Loading-2.json */ = {isa = PBXFileReference; fileEncoding = 4; lastKnownFileType = text.json; name = "Loading-2.json"; path = "../../../../../Downloads/Loading-2.json"; sourceTree = "<group>"; };
		ED30333229D0EEC8008EC92A /* Paperplane.json */ = {isa = PBXFileReference; fileEncoding = 4; lastKnownFileType = text.json; name = Paperplane.json; path = ../../../../../Downloads/Paperplane.json; sourceTree = "<group>"; };
		ED53B9AE297F8A0E0013C03B /* InboxView.swift */ = {isa = PBXFileReference; lastKnownFileType = sourcecode.swift; path = InboxView.swift; sourceTree = "<group>"; };
		ED53B9B0297F8A250013C03B /* TutorialView.swift */ = {isa = PBXFileReference; lastKnownFileType = sourcecode.swift; path = TutorialView.swift; sourceTree = "<group>"; };
		ED53B9B2297F8A400013C03B /* BusinessInformationView.swift */ = {isa = PBXFileReference; lastKnownFileType = sourcecode.swift; path = BusinessInformationView.swift; sourceTree = "<group>"; };
		ED53B9B4297F8AAA0013C03B /* OnboardingView.swift */ = {isa = PBXFileReference; lastKnownFileType = sourcecode.swift; path = OnboardingView.swift; sourceTree = "<group>"; };
		ED53B9B6297F8C7F0013C03B /* MessageMate.entitlements */ = {isa = PBXFileReference; lastKnownFileType = text.plist.entitlements; path = MessageMate.entitlements; sourceTree = "<group>"; };
		ED700B68297CA1AC0058968B /* SessionStore.swift */ = {isa = PBXFileReference; fileEncoding = 4; lastKnownFileType = sourcecode.swift; path = SessionStore.swift; sourceTree = "<group>"; };
		ED700B69297CA1AC0058968B /* AppDelegate.swift */ = {isa = PBXFileReference; fileEncoding = 4; lastKnownFileType = sourcecode.swift; path = AppDelegate.swift; sourceTree = "<group>"; };
		ED700B6A297CA1AD0058968B /* FirebaseNamespaces.swift */ = {isa = PBXFileReference; fileEncoding = 4; lastKnownFileType = sourcecode.swift; path = FirebaseNamespaces.swift; sourceTree = "<group>"; };
		ED700B6E297CA3F50058968B /* GoogleService-Info.plist */ = {isa = PBXFileReference; fileEncoding = 4; lastKnownFileType = text.plist.xml; path = "GoogleService-Info.plist"; sourceTree = "<group>"; };
		ED700B70297CA4930058968B /* SignInWithApple.swift */ = {isa = PBXFileReference; lastKnownFileType = sourcecode.swift; path = SignInWithApple.swift; sourceTree = "<group>"; };
		ED700B72297CA54E0058968B /* SignInView.swift */ = {isa = PBXFileReference; lastKnownFileType = sourcecode.swift; path = SignInView.swift; sourceTree = "<group>"; };
		ED700B74297CA5AB0058968B /* Constants.swift */ = {isa = PBXFileReference; lastKnownFileType = sourcecode.swift; path = Constants.swift; sourceTree = "<group>"; };
		ED9536662984F4C400A391BE /* Info.plist */ = {isa = PBXFileReference; lastKnownFileType = text.plist; path = Info.plist; sourceTree = "<group>"; };
		ED99A907297C8F2A0029235B /* Interactify.app */ = {isa = PBXFileReference; explicitFileType = wrapper.application; includeInIndex = 0; path = Interactify.app; sourceTree = BUILT_PRODUCTS_DIR; };
		ED99A90A297C8F2A0029235B /* MessageMateApp.swift */ = {isa = PBXFileReference; lastKnownFileType = sourcecode.swift; path = MessageMateApp.swift; sourceTree = "<group>"; };
		ED99A90C297C8F2A0029235B /* ContentView.swift */ = {isa = PBXFileReference; lastKnownFileType = sourcecode.swift; path = ContentView.swift; sourceTree = "<group>"; };
		ED99A90E297C8F2C0029235B /* Assets.xcassets */ = {isa = PBXFileReference; lastKnownFileType = folder.assetcatalog; path = Assets.xcassets; sourceTree = "<group>"; };
		ED99A911297C8F2C0029235B /* Preview Assets.xcassets */ = {isa = PBXFileReference; lastKnownFileType = folder.assetcatalog; path = "Preview Assets.xcassets"; sourceTree = "<group>"; };
		EDB4B66329A19401004DE432 /* 97952-loading-animation-blue.json */ = {isa = PBXFileReference; fileEncoding = 4; lastKnownFileType = text.json; path = "97952-loading-animation-blue.json"; sourceTree = "<group>"; };
		EDB4B66529A2D33D004DE432 /* DynamicDictSubView.swift */ = {isa = PBXFileReference; lastKnownFileType = sourcecode.swift; path = DynamicDictSubView.swift; sourceTree = "<group>"; };
		EDB4B66729A2D390004DE432 /* DynamicListSubView.swift */ = {isa = PBXFileReference; lastKnownFileType = sourcecode.swift; path = DynamicListSubView.swift; sourceTree = "<group>"; };
		EDBCF6242984F0E400C92448 /* SceneDelegate.swift */ = {isa = PBXFileReference; lastKnownFileType = sourcecode.swift; path = SceneDelegate.swift; sourceTree = "<group>"; };
		EDC9CC4129AB1DC30036567C /* AccountView.swift */ = {isa = PBXFileReference; lastKnownFileType = sourcecode.swift; path = AccountView.swift; sourceTree = "<group>"; };
		EDC9CC4329AB35750036567C /* SelectPageView.swift */ = {isa = PBXFileReference; lastKnownFileType = sourcecode.swift; path = SelectPageView.swift; sourceTree = "<group>"; };
		EDFA8D052993660A00559DD4 /* 9844-loading-40-paperplane.json */ = {isa = PBXFileReference; fileEncoding = 4; lastKnownFileType = text.json; path = "9844-loading-40-paperplane.json"; sourceTree = "<group>"; };
/* End PBXFileReference section */

/* Begin PBXFrameworksBuildPhase section */
		ED99A904297C8F2A0029235B /* Frameworks */ = {
			isa = PBXFrameworksBuildPhase;
			buildActionMask = 2147483647;
			files = (
				EDCED56C29D95D13005E28BC /* FirebaseMessaging in Frameworks */,
				EDCED57129D95E62005E28BC /* FacebookCore in Frameworks */,
				EDCED57529D95E62005E28BC /* FacebookShare in Frameworks */,
				EDCED56629D95D13005E28BC /* FirebaseAnalytics in Frameworks */,
				EDCED56829D95D13005E28BC /* FirebaseAuth in Frameworks */,
				EDCED57B29D95EFE005E28BC /* Lottie in Frameworks */,
				EDCED56E29D95D13005E28BC /* FirebaseStorage in Frameworks */,
				EDCED57329D95E62005E28BC /* FacebookLogin in Frameworks */,
				EDCED56A29D95D13005E28BC /* FirebaseFirestore in Frameworks */,
				EDCED57829D95E96005E28BC /* SwiftProtobuf in Frameworks */,
			);
			runOnlyForDeploymentPostprocessing = 0;
		};
/* End PBXFrameworksBuildPhase section */

/* Begin PBXGroup section */
		ED2CBB1D299362F6002161BE /* Lottie */ = {
			isa = PBXGroup;
			children = (
				ED30333229D0EEC8008EC92A /* Paperplane.json */,
				ED30332F29D0E7B1008EC92A /* Loading-2.json */,
				ED30332E29D0E7B1008EC92A /* Paperplane.lottie */,
				EDB4B66329A19401004DE432 /* 97952-loading-animation-blue.json */,
				EDFA8D052993660A00559DD4 /* 9844-loading-40-paperplane.json */,
			);
			path = Lottie;
			sourceTree = "<group>";
		};
		ED3032E929CBF2B0008EC92A /* fonts */ = {
			isa = PBXGroup;
			children = (
				ED30331B29CEA8FA008EC92A /* Montserrat-Black.ttf */,
				ED30331629CEA8FA008EC92A /* Montserrat-BlackItalic.ttf */,
				ED30331129CEA8F9008EC92A /* Montserrat-Bold.ttf */,
				ED30331929CEA8FA008EC92A /* Montserrat-BoldItalic.ttf */,
				ED30331029CEA8F9008EC92A /* Montserrat-ExtraBold.ttf */,
				ED30331729CEA8FA008EC92A /* Montserrat-ExtraBoldItalic.ttf */,
				ED30331A29CEA8FA008EC92A /* Montserrat-ExtraLight.ttf */,
				ED30331429CEA8FA008EC92A /* Montserrat-ExtraLightItalic.ttf */,
				ED30330A29CEA8F9008EC92A /* Montserrat-Italic.ttf */,
				ED30331829CEA8FA008EC92A /* Montserrat-Light.ttf */,
				ED30330D29CEA8F9008EC92A /* Montserrat-LightItalic.ttf */,
				ED30330B29CEA8F9008EC92A /* Montserrat-Medium.ttf */,
				ED30331329CEA8FA008EC92A /* Montserrat-MediumItalic.ttf */,
				ED30331229CEA8FA008EC92A /* Montserrat-Regular.ttf */,
				ED30331529CEA8FA008EC92A /* Montserrat-SemiBold.ttf */,
				ED30330C29CEA8F9008EC92A /* Montserrat-SemiBoldItalic.ttf */,
				ED30330E29CEA8F9008EC92A /* Montserrat-Thin.ttf */,
				ED30330F29CEA8F9008EC92A /* Montserrat-ThinItalic.ttf */,
				ED3032ED29CBF325008EC92A /* Nunito-Black.ttf */,
				ED3032EC29CBF325008EC92A /* Nunito-BlackItalic.ttf */,
				ED3032F329CBF325008EC92A /* Nunito-Bold.ttf */,
				ED3032F429CBF325008EC92A /* Nunito-BoldItalic.ttf */,
				ED3032F529CBF325008EC92A /* Nunito-ExtraBold.ttf */,
				ED3032F729CBF325008EC92A /* Nunito-ExtraBoldItalic.ttf */,
				ED3032F929CBF325008EC92A /* Nunito-ExtraLight.ttf */,
				ED3032EB29CBF325008EC92A /* Nunito-ExtraLightItalic.ttf */,
				ED3032F629CBF325008EC92A /* Nunito-Italic.ttf */,
				ED3032F829CBF325008EC92A /* Nunito-Light.ttf */,
				ED3032F129CBF325008EC92A /* Nunito-LightItalic.ttf */,
				ED3032F229CBF325008EC92A /* Nunito-Medium.ttf */,
				ED3032EF29CBF325008EC92A /* Nunito-MediumItalic.ttf */,
				ED3032EA29CBF325008EC92A /* Nunito-Regular.ttf */,
				ED3032EE29CBF325008EC92A /* Nunito-SemiBold.ttf */,
				ED3032F029CBF325008EC92A /* Nunito-SemiBoldItalic.ttf */,
			);
			path = fonts;
			sourceTree = "<group>";
		};
		ED99A8FE297C8F2A0029235B = {
			isa = PBXGroup;
			children = (
				ED99A909297C8F2A0029235B /* MessageMate */,
				ED99A908297C8F2A0029235B /* Products */,
			);
			sourceTree = "<group>";
		};
		ED99A908297C8F2A0029235B /* Products */ = {
			isa = PBXGroup;
			children = (
				ED99A907297C8F2A0029235B /* Interactify.app */,
			);
			name = Products;
			sourceTree = "<group>";
		};
		ED99A909297C8F2A0029235B /* MessageMate */ = {
			isa = PBXGroup;
			children = (
				ED3032E929CBF2B0008EC92A /* fonts */,
				ED3032E829C58077008EC92A /* MessageMateRelease.entitlements */,
				ED2CBB1D299362F6002161BE /* Lottie */,
				ED9536662984F4C400A391BE /* Info.plist */,
				ED53B9B6297F8C7F0013C03B /* MessageMate.entitlements */,
				ED700B6E297CA3F50058968B /* GoogleService-Info.plist */,
				EDC9CC4129AB1DC30036567C /* AccountView.swift */,
				ED700B72297CA54E0058968B /* SignInView.swift */,
				ED700B70297CA4930058968B /* SignInWithApple.swift */,
				ED700B69297CA1AC0058968B /* AppDelegate.swift */,
				ED700B6A297CA1AD0058968B /* FirebaseNamespaces.swift */,
				ED700B68297CA1AC0058968B /* SessionStore.swift */,
				ED99A90A297C8F2A0029235B /* MessageMateApp.swift */,
				ED99A90C297C8F2A0029235B /* ContentView.swift */,
				ED99A90E297C8F2C0029235B /* Assets.xcassets */,
				ED99A910297C8F2C0029235B /* Preview Content */,
				ED700B74297CA5AB0058968B /* Constants.swift */,
				ED53B9AE297F8A0E0013C03B /* InboxView.swift */,
				ED53B9B0297F8A250013C03B /* TutorialView.swift */,
				ED53B9B2297F8A400013C03B /* BusinessInformationView.swift */,
				ED53B9B4297F8AAA0013C03B /* OnboardingView.swift */,
				EDBCF6242984F0E400C92448 /* SceneDelegate.swift */,
				ED2CBB1B29936275002161BE /* LottieView.swift */,
				EDB4B66529A2D33D004DE432 /* DynamicDictSubView.swift */,
				EDB4B66729A2D390004DE432 /* DynamicListSubView.swift */,
				EDC9CC4329AB35750036567C /* SelectPageView.swift */,
				ED3032E629C2A73D008EC92A /* TestView.swift */,
			);
			path = MessageMate;
			sourceTree = "<group>";
		};
		ED99A910297C8F2C0029235B /* Preview Content */ = {
			isa = PBXGroup;
			children = (
				ED99A911297C8F2C0029235B /* Preview Assets.xcassets */,
			);
			path = "Preview Content";
			sourceTree = "<group>";
		};
/* End PBXGroup section */

/* Begin PBXNativeTarget section */
		ED99A906297C8F2A0029235B /* Interactify */ = {
			isa = PBXNativeTarget;
			buildConfigurationList = ED99A915297C8F2C0029235B /* Build configuration list for PBXNativeTarget "Interactify" */;
			buildPhases = (
				ED99A903297C8F2A0029235B /* Sources */,
				ED99A904297C8F2A0029235B /* Frameworks */,
				ED99A905297C8F2A0029235B /* Resources */,
			);
			buildRules = (
			);
			dependencies = (
			);
			name = Interactify;
			packageProductDependencies = (
				EDCED56529D95D13005E28BC /* FirebaseAnalytics */,
				EDCED56729D95D13005E28BC /* FirebaseAuth */,
				EDCED56929D95D13005E28BC /* FirebaseFirestore */,
				EDCED56B29D95D13005E28BC /* FirebaseMessaging */,
				EDCED56D29D95D13005E28BC /* FirebaseStorage */,
				EDCED57029D95E62005E28BC /* FacebookCore */,
				EDCED57229D95E62005E28BC /* FacebookLogin */,
				EDCED57429D95E62005E28BC /* FacebookShare */,
				EDCED57729D95E96005E28BC /* SwiftProtobuf */,
				EDCED57A29D95EFE005E28BC /* Lottie */,
			);
			productName = MessageMate;
			productReference = ED99A907297C8F2A0029235B /* Interactify.app */;
			productType = "com.apple.product-type.application";
		};
/* End PBXNativeTarget section */

/* Begin PBXProject section */
		ED99A8FF297C8F2A0029235B /* Project object */ = {
			isa = PBXProject;
			attributes = {
				BuildIndependentTargetsInParallel = 1;
				LastSwiftUpdateCheck = 1420;
				LastUpgradeCheck = 1420;
				TargetAttributes = {
					ED99A906297C8F2A0029235B = {
						CreatedOnToolsVersion = 14.2;
					};
				};
			};
			buildConfigurationList = ED99A902297C8F2A0029235B /* Build configuration list for PBXProject "Interactify" */;
			compatibilityVersion = "Xcode 13.0";
			developmentRegion = en;
			hasScannedForEncodings = 0;
			knownRegions = (
				en,
				Base,
			);
			mainGroup = ED99A8FE297C8F2A0029235B;
			packageReferences = (
				EDCED56429D95D13005E28BC /* XCRemoteSwiftPackageReference "firebase-ios-sdk" */,
				EDCED56F29D95E62005E28BC /* XCRemoteSwiftPackageReference "facebook-ios-sdk" */,
				EDCED57629D95E96005E28BC /* XCRemoteSwiftPackageReference "swift-protobuf" */,
				EDCED57929D95EFE005E28BC /* XCRemoteSwiftPackageReference "lottie-ios" */,
			);
			productRefGroup = ED99A908297C8F2A0029235B /* Products */;
			projectDirPath = "";
			projectRoot = "";
			targets = (
				ED99A906297C8F2A0029235B /* Interactify */,
			);
		};
/* End PBXProject section */

/* Begin PBXResourcesBuildPhase section */
		ED99A905297C8F2A0029235B /* Resources */ = {
			isa = PBXResourcesBuildPhase;
			buildActionMask = 2147483647;
			files = (
				ED30330029CBF326008EC92A /* Nunito-SemiBoldItalic.ttf in Resources */,
				ED30330629CBF326008EC92A /* Nunito-Italic.ttf in Resources */,
				ED30330329CBF326008EC92A /* Nunito-Bold.ttf in Resources */,
				ED30332829CEA8FA008EC92A /* Montserrat-BlackItalic.ttf in Resources */,
				ED30333129D0E7B1008EC92A /* Loading-2.json in Resources */,
				ED30330429CBF326008EC92A /* Nunito-BoldItalic.ttf in Resources */,
				ED3032FB29CBF326008EC92A /* Nunito-ExtraLightItalic.ttf in Resources */,
				ED30332229CEA8FA008EC92A /* Montserrat-ExtraBold.ttf in Resources */,
				ED3032FA29CBF326008EC92A /* Nunito-Regular.ttf in Resources */,
				ED30333029D0E7B1008EC92A /* Paperplane.lottie in Resources */,
				ED30330829CBF326008EC92A /* Nunito-Light.ttf in Resources */,
				ED99A912297C8F2C0029235B /* Preview Assets.xcassets in Resources */,
				ED30332629CEA8FA008EC92A /* Montserrat-ExtraLightItalic.ttf in Resources */,
				ED30331F29CEA8FA008EC92A /* Montserrat-LightItalic.ttf in Resources */,
				ED30332A29CEA8FA008EC92A /* Montserrat-Light.ttf in Resources */,
				ED30330229CBF326008EC92A /* Nunito-Medium.ttf in Resources */,
				ED30332729CEA8FA008EC92A /* Montserrat-SemiBold.ttf in Resources */,
				EDFA8D062993660A00559DD4 /* 9844-loading-40-paperplane.json in Resources */,
				ED3032FE29CBF326008EC92A /* Nunito-SemiBold.ttf in Resources */,
				ED30332D29CEA8FA008EC92A /* Montserrat-Black.ttf in Resources */,
				EDB4B66429A19401004DE432 /* 97952-loading-animation-blue.json in Resources */,
				ED3032FF29CBF326008EC92A /* Nunito-MediumItalic.ttf in Resources */,
				ED30332C29CEA8FA008EC92A /* Montserrat-ExtraLight.ttf in Resources */,
				ED30332529CEA8FA008EC92A /* Montserrat-MediumItalic.ttf in Resources */,
				ED30332029CEA8FA008EC92A /* Montserrat-Thin.ttf in Resources */,
				ED30331C29CEA8FA008EC92A /* Montserrat-Italic.ttf in Resources */,
				ED30330129CBF326008EC92A /* Nunito-LightItalic.ttf in Resources */,
				ED30332429CEA8FA008EC92A /* Montserrat-Regular.ttf in Resources */,
				ED99A90F297C8F2C0029235B /* Assets.xcassets in Resources */,
				ED30330929CBF326008EC92A /* Nunito-ExtraLight.ttf in Resources */,
				ED30330529CBF326008EC92A /* Nunito-ExtraBold.ttf in Resources */,
				ED30331E29CEA8FA008EC92A /* Montserrat-SemiBoldItalic.ttf in Resources */,
				ED700B6F297CA3F50058968B /* GoogleService-Info.plist in Resources */,
				ED30332B29CEA8FA008EC92A /* Montserrat-BoldItalic.ttf in Resources */,
				ED3032FC29CBF326008EC92A /* Nunito-BlackItalic.ttf in Resources */,
				ED30332329CEA8FA008EC92A /* Montserrat-Bold.ttf in Resources */,
				ED30332129CEA8FA008EC92A /* Montserrat-ThinItalic.ttf in Resources */,
				ED30333329D0EEC8008EC92A /* Paperplane.json in Resources */,
				ED3032FD29CBF326008EC92A /* Nunito-Black.ttf in Resources */,
				ED30332929CEA8FA008EC92A /* Montserrat-ExtraBoldItalic.ttf in Resources */,
				ED30331D29CEA8FA008EC92A /* Montserrat-Medium.ttf in Resources */,
				ED30330729CBF326008EC92A /* Nunito-ExtraBoldItalic.ttf in Resources */,
			);
			runOnlyForDeploymentPostprocessing = 0;
		};
/* End PBXResourcesBuildPhase section */

/* Begin PBXSourcesBuildPhase section */
		ED99A903297C8F2A0029235B /* Sources */ = {
			isa = PBXSourcesBuildPhase;
			buildActionMask = 2147483647;
			files = (
				ED700B6C297CA1AD0058968B /* AppDelegate.swift in Sources */,
				ED700B73297CA54E0058968B /* SignInView.swift in Sources */,
				ED99A90D297C8F2A0029235B /* ContentView.swift in Sources */,
				ED99A90B297C8F2A0029235B /* MessageMateApp.swift in Sources */,
				ED700B6B297CA1AD0058968B /* SessionStore.swift in Sources */,
				ED700B71297CA4930058968B /* SignInWithApple.swift in Sources */,
				ED700B6D297CA1AD0058968B /* FirebaseNamespaces.swift in Sources */,
				EDC9CC4229AB1DC30036567C /* AccountView.swift in Sources */,
				ED53B9AF297F8A0E0013C03B /* InboxView.swift in Sources */,
				EDBCF6252984F0E400C92448 /* SceneDelegate.swift in Sources */,
				EDB4B66829A2D390004DE432 /* DynamicListSubView.swift in Sources */,
				ED700B75297CA5AB0058968B /* Constants.swift in Sources */,
				ED53B9B5297F8AAA0013C03B /* OnboardingView.swift in Sources */,
				ED2CBB1C29936275002161BE /* LottieView.swift in Sources */,
				EDB4B66629A2D33D004DE432 /* DynamicDictSubView.swift in Sources */,
				ED3032E729C2A73D008EC92A /* TestView.swift in Sources */,
				EDC9CC4429AB35750036567C /* SelectPageView.swift in Sources */,
				ED53B9B3297F8A400013C03B /* BusinessInformationView.swift in Sources */,
				ED53B9B1297F8A250013C03B /* TutorialView.swift in Sources */,
			);
			runOnlyForDeploymentPostprocessing = 0;
		};
/* End PBXSourcesBuildPhase section */

/* Begin XCBuildConfiguration section */
		ED99A913297C8F2C0029235B /* Debug */ = {
			isa = XCBuildConfiguration;
			buildSettings = {
				ALWAYS_SEARCH_USER_PATHS = NO;
				CLANG_ANALYZER_NONNULL = YES;
				CLANG_ANALYZER_NUMBER_OBJECT_CONVERSION = YES_AGGRESSIVE;
				CLANG_CXX_LANGUAGE_STANDARD = "gnu++20";
				CLANG_ENABLE_MODULES = YES;
				CLANG_ENABLE_OBJC_ARC = YES;
				CLANG_ENABLE_OBJC_WEAK = YES;
				CLANG_WARN_BLOCK_CAPTURE_AUTORELEASING = YES;
				CLANG_WARN_BOOL_CONVERSION = YES;
				CLANG_WARN_COMMA = YES;
				CLANG_WARN_CONSTANT_CONVERSION = YES;
				CLANG_WARN_DEPRECATED_OBJC_IMPLEMENTATIONS = YES;
				CLANG_WARN_DIRECT_OBJC_ISA_USAGE = YES_ERROR;
				CLANG_WARN_DOCUMENTATION_COMMENTS = YES;
				CLANG_WARN_EMPTY_BODY = YES;
				CLANG_WARN_ENUM_CONVERSION = YES;
				CLANG_WARN_INFINITE_RECURSION = YES;
				CLANG_WARN_INT_CONVERSION = YES;
				CLANG_WARN_NON_LITERAL_NULL_CONVERSION = YES;
				CLANG_WARN_OBJC_IMPLICIT_RETAIN_SELF = YES;
				CLANG_WARN_OBJC_LITERAL_CONVERSION = YES;
				CLANG_WARN_OBJC_ROOT_CLASS = YES_ERROR;
				CLANG_WARN_QUOTED_INCLUDE_IN_FRAMEWORK_HEADER = YES;
				CLANG_WARN_RANGE_LOOP_ANALYSIS = YES;
				CLANG_WARN_STRICT_PROTOTYPES = YES;
				CLANG_WARN_SUSPICIOUS_MOVE = YES;
				CLANG_WARN_UNGUARDED_AVAILABILITY = YES_AGGRESSIVE;
				CLANG_WARN_UNREACHABLE_CODE = YES;
				CLANG_WARN__DUPLICATE_METHOD_MATCH = YES;
				COPY_PHASE_STRIP = NO;
				DEBUG_INFORMATION_FORMAT = dwarf;
				ENABLE_STRICT_OBJC_MSGSEND = YES;
				ENABLE_TESTABILITY = YES;
				GCC_C_LANGUAGE_STANDARD = gnu11;
				GCC_DYNAMIC_NO_PIC = NO;
				GCC_NO_COMMON_BLOCKS = YES;
				GCC_OPTIMIZATION_LEVEL = 0;
				GCC_PREPROCESSOR_DEFINITIONS = (
					"DEBUG=1",
					"$(inherited)",
				);
				GCC_WARN_64_TO_32_BIT_CONVERSION = YES;
				GCC_WARN_ABOUT_RETURN_TYPE = YES_ERROR;
				GCC_WARN_UNDECLARED_SELECTOR = YES;
				GCC_WARN_UNINITIALIZED_AUTOS = YES_AGGRESSIVE;
				GCC_WARN_UNUSED_FUNCTION = YES;
				GCC_WARN_UNUSED_VARIABLE = YES;
				IPHONEOS_DEPLOYMENT_TARGET = 15.4;
				MTL_ENABLE_DEBUG_INFO = INCLUDE_SOURCE;
				MTL_FAST_MATH = YES;
				ONLY_ACTIVE_ARCH = YES;
				SDKROOT = iphoneos;
				SWIFT_ACTIVE_COMPILATION_CONDITIONS = DEBUG;
				SWIFT_OPTIMIZATION_LEVEL = "-Onone";
			};
			name = Debug;
		};
		ED99A914297C8F2C0029235B /* Release */ = {
			isa = XCBuildConfiguration;
			buildSettings = {
				ALWAYS_SEARCH_USER_PATHS = NO;
				CLANG_ANALYZER_NONNULL = YES;
				CLANG_ANALYZER_NUMBER_OBJECT_CONVERSION = YES_AGGRESSIVE;
				CLANG_CXX_LANGUAGE_STANDARD = "gnu++20";
				CLANG_ENABLE_MODULES = YES;
				CLANG_ENABLE_OBJC_ARC = YES;
				CLANG_ENABLE_OBJC_WEAK = YES;
				CLANG_WARN_BLOCK_CAPTURE_AUTORELEASING = YES;
				CLANG_WARN_BOOL_CONVERSION = YES;
				CLANG_WARN_COMMA = YES;
				CLANG_WARN_CONSTANT_CONVERSION = YES;
				CLANG_WARN_DEPRECATED_OBJC_IMPLEMENTATIONS = YES;
				CLANG_WARN_DIRECT_OBJC_ISA_USAGE = YES_ERROR;
				CLANG_WARN_DOCUMENTATION_COMMENTS = YES;
				CLANG_WARN_EMPTY_BODY = YES;
				CLANG_WARN_ENUM_CONVERSION = YES;
				CLANG_WARN_INFINITE_RECURSION = YES;
				CLANG_WARN_INT_CONVERSION = YES;
				CLANG_WARN_NON_LITERAL_NULL_CONVERSION = YES;
				CLANG_WARN_OBJC_IMPLICIT_RETAIN_SELF = YES;
				CLANG_WARN_OBJC_LITERAL_CONVERSION = YES;
				CLANG_WARN_OBJC_ROOT_CLASS = YES_ERROR;
				CLANG_WARN_QUOTED_INCLUDE_IN_FRAMEWORK_HEADER = YES;
				CLANG_WARN_RANGE_LOOP_ANALYSIS = YES;
				CLANG_WARN_STRICT_PROTOTYPES = YES;
				CLANG_WARN_SUSPICIOUS_MOVE = YES;
				CLANG_WARN_UNGUARDED_AVAILABILITY = YES_AGGRESSIVE;
				CLANG_WARN_UNREACHABLE_CODE = YES;
				CLANG_WARN__DUPLICATE_METHOD_MATCH = YES;
				COPY_PHASE_STRIP = NO;
				DEBUG_INFORMATION_FORMAT = "dwarf-with-dsym";
				ENABLE_NS_ASSERTIONS = NO;
				ENABLE_STRICT_OBJC_MSGSEND = YES;
				GCC_C_LANGUAGE_STANDARD = gnu11;
				GCC_NO_COMMON_BLOCKS = YES;
				GCC_WARN_64_TO_32_BIT_CONVERSION = YES;
				GCC_WARN_ABOUT_RETURN_TYPE = YES_ERROR;
				GCC_WARN_UNDECLARED_SELECTOR = YES;
				GCC_WARN_UNINITIALIZED_AUTOS = YES_AGGRESSIVE;
				GCC_WARN_UNUSED_FUNCTION = YES;
				GCC_WARN_UNUSED_VARIABLE = YES;
				IPHONEOS_DEPLOYMENT_TARGET = 15.4;
				MTL_ENABLE_DEBUG_INFO = NO;
				MTL_FAST_MATH = YES;
				SDKROOT = iphoneos;
				SWIFT_COMPILATION_MODE = wholemodule;
				SWIFT_OPTIMIZATION_LEVEL = "-O";
				VALIDATE_PRODUCT = YES;
			};
			name = Release;
		};
		ED99A916297C8F2C0029235B /* Debug */ = {
			isa = XCBuildConfiguration;
			buildSettings = {
				ASSETCATALOG_COMPILER_APPICON_NAME = AppIcon;
				ASSETCATALOG_COMPILER_GLOBAL_ACCENT_COLOR_NAME = AccentColor;
				CODE_SIGN_ENTITLEMENTS = MessageMate/MessageMate.entitlements;
				CODE_SIGN_STYLE = Automatic;
				CURRENT_PROJECT_VERSION = 9;
				DEVELOPMENT_ASSET_PATHS = "\"MessageMate/Preview Content\"";
				DEVELOPMENT_TEAM = WRFAAJL539;
				ENABLE_PREVIEWS = YES;
				GENERATE_INFOPLIST_FILE = YES;
				INFOPLIST_FILE = MessageMate/Info.plist;
				INFOPLIST_KEY_CFBundleDisplayName = Interactify;
				INFOPLIST_KEY_UIApplicationSceneManifest_Generation = YES;
				INFOPLIST_KEY_UIApplicationSupportsIndirectInputEvents = YES;
				INFOPLIST_KEY_UILaunchScreen_Generation = YES;
				INFOPLIST_KEY_UIRequiresFullScreen = NO;
				INFOPLIST_KEY_UISupportedInterfaceOrientations = UIInterfaceOrientationPortrait;
				INFOPLIST_KEY_UISupportedInterfaceOrientations_iPad = "UIInterfaceOrientationLandscapeLeft UIInterfaceOrientationLandscapeRight UIInterfaceOrientationPortrait UIInterfaceOrientationPortraitUpsideDown";
				IPHONEOS_DEPLOYMENT_TARGET = 15.4;
				LD_RUNPATH_SEARCH_PATHS = (
					"$(inherited)",
					"@executable_path/Frameworks",
				);
				MARKETING_VERSION = 1.1;
				PRODUCT_BUNDLE_IDENTIFIER = erickverleye.MessageMate;
				PRODUCT_NAME = "$(TARGET_NAME)";
				SUPPORTED_PLATFORMS = "iphoneos iphonesimulator";
				SUPPORTS_MACCATALYST = NO;
				SUPPORTS_MAC_DESIGNED_FOR_IPHONE_IPAD = NO;
				SWIFT_EMIT_LOC_STRINGS = YES;
				SWIFT_VERSION = 5.0;
				TARGETED_DEVICE_FAMILY = "1,2";
			};
			name = Debug;
		};
		ED99A917297C8F2C0029235B /* Release */ = {
			isa = XCBuildConfiguration;
			buildSettings = {
				ASSETCATALOG_COMPILER_APPICON_NAME = AppIcon;
				ASSETCATALOG_COMPILER_GLOBAL_ACCENT_COLOR_NAME = AccentColor;
				CODE_SIGN_ENTITLEMENTS = MessageMate/MessageMateRelease.entitlements;
				CODE_SIGN_STYLE = Automatic;
				CURRENT_PROJECT_VERSION = 9;
				DEVELOPMENT_ASSET_PATHS = "\"MessageMate/Preview Content\"";
				DEVELOPMENT_TEAM = WRFAAJL539;
				ENABLE_PREVIEWS = YES;
				GENERATE_INFOPLIST_FILE = YES;
				INFOPLIST_FILE = MessageMate/Info.plist;
				INFOPLIST_KEY_CFBundleDisplayName = Interactify;
				INFOPLIST_KEY_UIApplicationSceneManifest_Generation = YES;
				INFOPLIST_KEY_UIApplicationSupportsIndirectInputEvents = YES;
				INFOPLIST_KEY_UILaunchScreen_Generation = YES;
				INFOPLIST_KEY_UIRequiresFullScreen = NO;
				INFOPLIST_KEY_UISupportedInterfaceOrientations = UIInterfaceOrientationPortrait;
				INFOPLIST_KEY_UISupportedInterfaceOrientations_iPad = "UIInterfaceOrientationLandscapeLeft UIInterfaceOrientationLandscapeRight UIInterfaceOrientationPortrait UIInterfaceOrientationPortraitUpsideDown";
				IPHONEOS_DEPLOYMENT_TARGET = 15.4;
				LD_RUNPATH_SEARCH_PATHS = (
					"$(inherited)",
					"@executable_path/Frameworks",
				);
				MARKETING_VERSION = 1.1;
				PRODUCT_BUNDLE_IDENTIFIER = erickverleye.MessageMate;
				PRODUCT_NAME = "$(TARGET_NAME)";
				SUPPORTED_PLATFORMS = "iphoneos iphonesimulator";
				SUPPORTS_MACCATALYST = NO;
				SUPPORTS_MAC_DESIGNED_FOR_IPHONE_IPAD = NO;
				SWIFT_EMIT_LOC_STRINGS = YES;
				SWIFT_VERSION = 5.0;
				TARGETED_DEVICE_FAMILY = "1,2";
			};
			name = Release;
		};
/* End XCBuildConfiguration section */

/* Begin XCConfigurationList section */
		ED99A902297C8F2A0029235B /* Build configuration list for PBXProject "Interactify" */ = {
			isa = XCConfigurationList;
			buildConfigurations = (
				ED99A913297C8F2C0029235B /* Debug */,
				ED99A914297C8F2C0029235B /* Release */,
			);
			defaultConfigurationIsVisible = 0;
			defaultConfigurationName = Release;
		};
		ED99A915297C8F2C0029235B /* Build configuration list for PBXNativeTarget "Interactify" */ = {
			isa = XCConfigurationList;
			buildConfigurations = (
				ED99A916297C8F2C0029235B /* Debug */,
				ED99A917297C8F2C0029235B /* Release */,
			);
			defaultConfigurationIsVisible = 0;
			defaultConfigurationName = Release;
		};
/* End XCConfigurationList section */

/* Begin XCRemoteSwiftPackageReference section */
		EDCED56429D95D13005E28BC /* XCRemoteSwiftPackageReference "firebase-ios-sdk" */ = {
			isa = XCRemoteSwiftPackageReference;
			repositoryURL = "https://github.com/firebase/firebase-ios-sdk.git";
			requirement = {
				kind = upToNextMajorVersion;
				minimumVersion = 10.0.0;
			};
		};
		EDCED56F29D95E62005E28BC /* XCRemoteSwiftPackageReference "facebook-ios-sdk" */ = {
			isa = XCRemoteSwiftPackageReference;
			repositoryURL = "https://github.com/facebook/facebook-ios-sdk";
			requirement = {
				kind = upToNextMajorVersion;
				minimumVersion = 14.0.0;
			};
		};
		EDCED57629D95E96005E28BC /* XCRemoteSwiftPackageReference "swift-protobuf" */ = {
			isa = XCRemoteSwiftPackageReference;
			repositoryURL = "https://github.com/apple/swift-protobuf.git";
			requirement = {
				kind = upToNextMajorVersion;
				minimumVersion = 1.0.0;
			};
		};
		EDCED57929D95EFE005E28BC /* XCRemoteSwiftPackageReference "lottie-ios" */ = {
			isa = XCRemoteSwiftPackageReference;
			repositoryURL = "https://github.com/airbnb/lottie-ios";
			requirement = {
				kind = upToNextMajorVersion;
				minimumVersion = 4.0.0;
			};
		};
/* End XCRemoteSwiftPackageReference section */

/* Begin XCSwiftPackageProductDependency section */
		EDCED56529D95D13005E28BC /* FirebaseAnalytics */ = {
			isa = XCSwiftPackageProductDependency;
			package = EDCED56429D95D13005E28BC /* XCRemoteSwiftPackageReference "firebase-ios-sdk" */;
			productName = FirebaseAnalytics;
		};
		EDCED56729D95D13005E28BC /* FirebaseAuth */ = {
			isa = XCSwiftPackageProductDependency;
			package = EDCED56429D95D13005E28BC /* XCRemoteSwiftPackageReference "firebase-ios-sdk" */;
			productName = FirebaseAuth;
		};
		EDCED56929D95D13005E28BC /* FirebaseFirestore */ = {
			isa = XCSwiftPackageProductDependency;
			package = EDCED56429D95D13005E28BC /* XCRemoteSwiftPackageReference "firebase-ios-sdk" */;
			productName = FirebaseFirestore;
		};
		EDCED56B29D95D13005E28BC /* FirebaseMessaging */ = {
			isa = XCSwiftPackageProductDependency;
			package = EDCED56429D95D13005E28BC /* XCRemoteSwiftPackageReference "firebase-ios-sdk" */;
			productName = FirebaseMessaging;
		};
		EDCED56D29D95D13005E28BC /* FirebaseStorage */ = {
			isa = XCSwiftPackageProductDependency;
			package = EDCED56429D95D13005E28BC /* XCRemoteSwiftPackageReference "firebase-ios-sdk" */;
			productName = FirebaseStorage;
		};
		EDCED57029D95E62005E28BC /* FacebookCore */ = {
			isa = XCSwiftPackageProductDependency;
			package = EDCED56F29D95E62005E28BC /* XCRemoteSwiftPackageReference "facebook-ios-sdk" */;
			productName = FacebookCore;
		};
		EDCED57229D95E62005E28BC /* FacebookLogin */ = {
			isa = XCSwiftPackageProductDependency;
			package = EDCED56F29D95E62005E28BC /* XCRemoteSwiftPackageReference "facebook-ios-sdk" */;
			productName = FacebookLogin;
		};
		EDCED57429D95E62005E28BC /* FacebookShare */ = {
			isa = XCSwiftPackageProductDependency;
			package = EDCED56F29D95E62005E28BC /* XCRemoteSwiftPackageReference "facebook-ios-sdk" */;
			productName = FacebookShare;
		};
		EDCED57729D95E96005E28BC /* SwiftProtobuf */ = {
			isa = XCSwiftPackageProductDependency;
			package = EDCED57629D95E96005E28BC /* XCRemoteSwiftPackageReference "swift-protobuf" */;
			productName = SwiftProtobuf;
		};
		EDCED57A29D95EFE005E28BC /* Lottie */ = {
			isa = XCSwiftPackageProductDependency;
			package = EDCED57929D95EFE005E28BC /* XCRemoteSwiftPackageReference "lottie-ios" */;
			productName = Lottie;
		};
/* End XCSwiftPackageProductDependency section */
	};
	rootObject = ED99A8FF297C8F2A0029235B /* Project object */;
}
